dependencies:
- name: common
  repository: https://charts.indiegogo.com/
  version: 0.1.2
- name: redis
  repository: https://groundhog2k.github.io/helm-charts/
  version: 0.4.6
digest: sha256:d2dc7646c365e747025625869529f90622fe782131c0db24fd841b27c08846c0
generated: "2021-07-16T17:27:57.887692-07:00"
